
Microsoft Visual Studio Solution File, Format Version 12.00
# Visual Studio Version 16
VisualStudioVersion = 16.0.31019.35
MinimumVisualStudioVersion = 10.0.40219.1
Project("{FAE04EC0-301F-11D3-BF4B-00C04F79EFBC}") = "TodoApi", "TodoApi\TodoApi.csproj", "{AEDBB0DA-5F52-4643-AD3A-3DAAD9341DC4}"
EndProject
Global
	GlobalSection(SolutionConfigurationPlatforms) = preSolution
		Debug|Any CPU = Debug|Any CPU
		Release|Any CPU = Release|Any CPU
	EndGlobalSection
	GlobalSection(ProjectConfigurationPlatforms) = postSolution
		{AEDBB0DA-5F52-4643-AD3A-3DAAD9341DC4}.Debug|Any CPU.ActiveCfg = Debug|Any CPU
		{AEDBB0DA-5F52-4643-AD3A-3DAAD9341DC4}.Debug|Any CPU.Build.0 = Debug|Any CPU
		{AEDBB0DA-5F52-4643-AD3A-3DAAD9341DC4}.Release|Any CPU.ActiveCfg = Release|Any CPU
		{AEDBB0DA-5F52-4643-AD3A-3DAAD9341DC4}.Release|Any CPU.Build.0 = Release|Any CPU
	EndGlobalSection
	GlobalSection(SolutionProperties) = preSolution
		HideSolutionNode = FALSE
	EndGlobalSection
	GlobalSection(ExtensibilityGlobals) = postSolution
		SolutionGuid = {1E9BE1FB-29BA-4029-BFE9-1C971730C474}
	EndGlobalSection
EndGlobal
